// !$*UTF8*$!
{
	archiveVersion = 1;
	classes = {
	};
	objectVersion = 46;
	objects = {

/* Begin PBXBuildFile section */
		CE2775EE1C67D3F6002F81F2 /* AppDelegate.swift in Sources */ = {isa = PBXBuildFile; fileRef = CE2775ED1C67D3F6002F81F2 /* AppDelegate.swift */; };
		CE2775F31C67D3F6002F81F2 /* Main.storyboard in Resources */ = {isa = PBXBuildFile; fileRef = CE2775F11C67D3F6002F81F2 /* Main.storyboard */; };
		CE2775F51C67D3F6002F81F2 /* Assets.xcassets in Resources */ = {isa = PBXBuildFile; fileRef = CE2775F41C67D3F6002F81F2 /* Assets.xcassets */; };
		CE2775F81C67D3F6002F81F2 /* LaunchScreen.storyboard in Resources */ = {isa = PBXBuildFile; fileRef = CE2775F61C67D3F6002F81F2 /* LaunchScreen.storyboard */; };
		CE2776031C67D3F6002F81F2 /* FalconTests.swift in Sources */ = {isa = PBXBuildFile; fileRef = CE2776021C67D3F6002F81F2 /* FalconTests.swift */; };
		CE27760E1C67D3F6002F81F2 /* FalconUITests.swift in Sources */ = {isa = PBXBuildFile; fileRef = CE27760D1C67D3F6002F81F2 /* FalconUITests.swift */; };
		CE8424511C77F5CF006B8379 /* GravatarView.swift in Sources */ = {isa = PBXBuildFile; fileRef = CE8424501C77F5CF006B8379 /* GravatarView.swift */; };
		CE8424541C78CE63006B8379 /* PlaceViewController.swift in Sources */ = {isa = PBXBuildFile; fileRef = CE8424521C78CE63006B8379 /* PlaceViewController.swift */; };
		CE8424551C78CE63006B8379 /* PlaceViewController.xib in Resources */ = {isa = PBXBuildFile; fileRef = CE8424531C78CE63006B8379 /* PlaceViewController.xib */; };
		CE8424571C7905BC006B8379 /* DataManager.swift in Sources */ = {isa = PBXBuildFile; fileRef = CE8424561C7905BC006B8379 /* DataManager.swift */; };
		CEDAB0181C7087D300CC332C /* LoginViewController.swift in Sources */ = {isa = PBXBuildFile; fileRef = CEDAB0171C7087D300CC332C /* LoginViewController.swift */; };
		CEDAB01A1C70BF4100CC332C /* HomeViewController.swift in Sources */ = {isa = PBXBuildFile; fileRef = CEDAB0191C70BF4100CC332C /* HomeViewController.swift */; };
		CEDAB01E1C70ECCA00CC332C /* RegisterViewCrontroller.swift in Sources */ = {isa = PBXBuildFile; fileRef = CEDAB01D1C70ECCA00CC332C /* RegisterViewCrontroller.swift */; };
		CEDAB0201C7124F900CC332C /* MapViewController.swift in Sources */ = {isa = PBXBuildFile; fileRef = CEDAB01F1C7124F900CC332C /* MapViewController.swift */; };
		CEDAB0221C72730900CC332C /* FacebookManager.swift in Sources */ = {isa = PBXBuildFile; fileRef = CEDAB0211C72730900CC332C /* FacebookManager.swift */; };
		CEDAB0241C739FB300CC332C /* FirebaseManager.swift in Sources */ = {isa = PBXBuildFile; fileRef = CEDAB0231C739FB300CC332C /* FirebaseManager.swift */; };
		CEDAB0261C7627F200CC332C /* PersmissionManager.swift in Sources */ = {isa = PBXBuildFile; fileRef = CEDAB0251C7627F200CC332C /* PersmissionManager.swift */; };
		CEDAB0281C76781700CC332C /* PlacesManager.swift in Sources */ = {isa = PBXBuildFile; fileRef = CEDAB0271C76781700CC332C /* PlacesManager.swift */; };
		CEDAB02A1C7679A700CC332C /* Place.swift in Sources */ = {isa = PBXBuildFile; fileRef = CEDAB0291C7679A700CC332C /* Place.swift */; };
		CEDAB02C1C7743F700CC332C /* PlaceMarker.swift in Sources */ = {isa = PBXBuildFile; fileRef = CEDAB02B1C7743F700CC332C /* PlaceMarker.swift */; };
		D5AFDD6E96640E8675FBEE36 /* Pods_Falcon.framework in Frameworks */ = {isa = PBXBuildFile; fileRef = 054683E0AA2FA33BD5F932D2 /* Pods_Falcon.framework */; };
/* End PBXBuildFile section */

/* Begin PBXContainerItemProxy section */
		CE2775FF1C67D3F6002F81F2 /* PBXContainerItemProxy */ = {
			isa = PBXContainerItemProxy;
			containerPortal = CE2775E21C67D3F6002F81F2 /* Project object */;
			proxyType = 1;
			remoteGlobalIDString = CE2775E91C67D3F6002F81F2;
			remoteInfo = Falcon;
		};
		CE27760A1C67D3F6002F81F2 /* PBXContainerItemProxy */ = {
			isa = PBXContainerItemProxy;
			containerPortal = CE2775E21C67D3F6002F81F2 /* Project object */;
			proxyType = 1;
			remoteGlobalIDString = CE2775E91C67D3F6002F81F2;
			remoteInfo = Falcon;
		};
/* End PBXContainerItemProxy section */

/* Begin PBXFileReference section */
		054683E0AA2FA33BD5F932D2 /* Pods_Falcon.framework */ = {isa = PBXFileReference; explicitFileType = wrapper.framework; includeInIndex = 0; path = Pods_Falcon.framework; sourceTree = BUILT_PRODUCTS_DIR; };
		356E778BF74F7AFABC9CEFAD /* Pods-Falcon.debug.xcconfig */ = {isa = PBXFileReference; includeInIndex = 1; lastKnownFileType = text.xcconfig; name = "Pods-Falcon.debug.xcconfig"; path = "Pods/Target Support Files/Pods-Falcon/Pods-Falcon.debug.xcconfig"; sourceTree = "<group>"; };
		CE2775EA1C67D3F6002F81F2 /* Falcon.app */ = {isa = PBXFileReference; explicitFileType = wrapper.application; includeInIndex = 0; path = Falcon.app; sourceTree = BUILT_PRODUCTS_DIR; };
		CE2775ED1C67D3F6002F81F2 /* AppDelegate.swift */ = {isa = PBXFileReference; lastKnownFileType = sourcecode.swift; path = AppDelegate.swift; sourceTree = "<group>"; };
		CE2775F21C67D3F6002F81F2 /* Base */ = {isa = PBXFileReference; lastKnownFileType = file.storyboard; name = Base; path = Base.lproj/Main.storyboard; sourceTree = "<group>"; };
		CE2775F41C67D3F6002F81F2 /* Assets.xcassets */ = {isa = PBXFileReference; lastKnownFileType = folder.assetcatalog; path = Assets.xcassets; sourceTree = "<group>"; };
		CE2775F71C67D3F6002F81F2 /* Base */ = {isa = PBXFileReference; lastKnownFileType = file.storyboard; name = Base; path = Base.lproj/LaunchScreen.storyboard; sourceTree = "<group>"; };
		CE2775F91C67D3F6002F81F2 /* Info.plist */ = {isa = PBXFileReference; lastKnownFileType = text.plist.xml; path = Info.plist; sourceTree = "<group>"; };
		CE2775FE1C67D3F6002F81F2 /* FalconTests.xctest */ = {isa = PBXFileReference; explicitFileType = wrapper.cfbundle; includeInIndex = 0; path = FalconTests.xctest; sourceTree = BUILT_PRODUCTS_DIR; };
		CE2776021C67D3F6002F81F2 /* FalconTests.swift */ = {isa = PBXFileReference; lastKnownFileType = sourcecode.swift; path = FalconTests.swift; sourceTree = "<group>"; };
		CE2776041C67D3F6002F81F2 /* Info.plist */ = {isa = PBXFileReference; lastKnownFileType = text.plist.xml; path = Info.plist; sourceTree = "<group>"; };
		CE2776091C67D3F6002F81F2 /* FalconUITests.xctest */ = {isa = PBXFileReference; explicitFileType = wrapper.cfbundle; includeInIndex = 0; path = FalconUITests.xctest; sourceTree = BUILT_PRODUCTS_DIR; };
		CE27760D1C67D3F6002F81F2 /* FalconUITests.swift */ = {isa = PBXFileReference; lastKnownFileType = sourcecode.swift; path = FalconUITests.swift; sourceTree = "<group>"; };
		CE27760F1C67D3F6002F81F2 /* Info.plist */ = {isa = PBXFileReference; lastKnownFileType = text.plist.xml; path = Info.plist; sourceTree = "<group>"; };
		CE529BFD1C6FCCED00A97F18 /* libFirebase.a */ = {isa = PBXFileReference; lastKnownFileType = archive.ar; name = libFirebase.a; path = "Pods/../build/Debug-iphoneos/libFirebase.a"; sourceTree = "<group>"; };
		CE529BFF1C6FCDB500A97F18 /* libFirebaseStatic.a */ = {isa = PBXFileReference; lastKnownFileType = archive.ar; name = libFirebaseStatic.a; path = Pods/Firebase/libFirebaseStatic.a; sourceTree = "<group>"; };
		CE529C011C6FCDD000A97F18 /* Firebase.framework */ = {isa = PBXFileReference; lastKnownFileType = wrapper.framework; name = Firebase.framework; path = Pods/Firebase/Firebase.framework; sourceTree = "<group>"; };
		CE529C031C6FCE0700A97F18 /* libPods.a */ = {isa = PBXFileReference; lastKnownFileType = archive.ar; name = libPods.a; path = "Pods/../build/Debug-iphoneos/libPods.a"; sourceTree = "<group>"; };
		CE529C051C6FCE0B00A97F18 /* libFirebase.a */ = {isa = PBXFileReference; lastKnownFileType = archive.ar; name = libFirebase.a; path = "Pods/../build/Debug-iphoneos/libFirebase.a"; sourceTree = "<group>"; };
		CE529C071C6FCE9800A97F18 /* libPods.a */ = {isa = PBXFileReference; lastKnownFileType = archive.ar; name = libPods.a; path = "Pods/../build/Debug-iphoneos/libPods.a"; sourceTree = "<group>"; };
		CE529C091C6FCE9B00A97F18 /* libFirebase.a */ = {isa = PBXFileReference; lastKnownFileType = archive.ar; name = libFirebase.a; path = "Pods/../build/Debug-iphoneos/libFirebase.a"; sourceTree = "<group>"; };
		CE8424501C77F5CF006B8379 /* GravatarView.swift */ = {isa = PBXFileReference; fileEncoding = 4; lastKnownFileType = sourcecode.swift; path = GravatarView.swift; sourceTree = "<group>"; };
		CE8424521C78CE63006B8379 /* PlaceViewController.swift */ = {isa = PBXFileReference; fileEncoding = 4; lastKnownFileType = sourcecode.swift; path = PlaceViewController.swift; sourceTree = "<group>"; };
		CE8424531C78CE63006B8379 /* PlaceViewController.xib */ = {isa = PBXFileReference; fileEncoding = 4; lastKnownFileType = file.xib; path = PlaceViewController.xib; sourceTree = "<group>"; };
		CE8424561C7905BC006B8379 /* DataManager.swift */ = {isa = PBXFileReference; fileEncoding = 4; lastKnownFileType = sourcecode.swift; path = DataManager.swift; sourceTree = "<group>"; };
		CEDAB0171C7087D300CC332C /* LoginViewController.swift */ = {isa = PBXFileReference; fileEncoding = 4; lastKnownFileType = sourcecode.swift; path = LoginViewController.swift; sourceTree = "<group>"; };
		CEDAB0191C70BF4100CC332C /* HomeViewController.swift */ = {isa = PBXFileReference; fileEncoding = 4; lastKnownFileType = sourcecode.swift; path = HomeViewController.swift; sourceTree = "<group>"; };
		CEDAB01D1C70ECCA00CC332C /* RegisterViewCrontroller.swift */ = {isa = PBXFileReference; fileEncoding = 4; lastKnownFileType = sourcecode.swift; path = RegisterViewCrontroller.swift; sourceTree = "<group>"; };
		CEDAB01F1C7124F900CC332C /* MapViewController.swift */ = {isa = PBXFileReference; fileEncoding = 4; lastKnownFileType = sourcecode.swift; path = MapViewController.swift; sourceTree = "<group>"; };
		CEDAB0211C72730900CC332C /* FacebookManager.swift */ = {isa = PBXFileReference; fileEncoding = 4; lastKnownFileType = sourcecode.swift; path = FacebookManager.swift; sourceTree = "<group>"; };
		CEDAB0231C739FB300CC332C /* FirebaseManager.swift */ = {isa = PBXFileReference; fileEncoding = 4; lastKnownFileType = sourcecode.swift; path = FirebaseManager.swift; sourceTree = "<group>"; };
		CEDAB0251C7627F200CC332C /* PersmissionManager.swift */ = {isa = PBXFileReference; fileEncoding = 4; lastKnownFileType = sourcecode.swift; path = PersmissionManager.swift; sourceTree = "<group>"; };
		CEDAB0271C76781700CC332C /* PlacesManager.swift */ = {isa = PBXFileReference; fileEncoding = 4; lastKnownFileType = sourcecode.swift; path = PlacesManager.swift; sourceTree = "<group>"; };
		CEDAB0291C7679A700CC332C /* Place.swift */ = {isa = PBXFileReference; fileEncoding = 4; lastKnownFileType = sourcecode.swift; path = Place.swift; sourceTree = "<group>"; };
		CEDAB02B1C7743F700CC332C /* PlaceMarker.swift */ = {isa = PBXFileReference; fileEncoding = 4; lastKnownFileType = sourcecode.swift; path = PlaceMarker.swift; sourceTree = "<group>"; };
		FE533763D9FE914DCBF5FC91 /* Pods-Falcon.release.xcconfig */ = {isa = PBXFileReference; includeInIndex = 1; lastKnownFileType = text.xcconfig; name = "Pods-Falcon.release.xcconfig"; path = "Pods/Target Support Files/Pods-Falcon/Pods-Falcon.release.xcconfig"; sourceTree = "<group>"; };
/* End PBXFileReference section */

/* Begin PBXFrameworksBuildPhase section */
		CE2775E71C67D3F6002F81F2 /* Frameworks */ = {
			isa = PBXFrameworksBuildPhase;
			buildActionMask = 2147483647;
			files = (
				D5AFDD6E96640E8675FBEE36 /* Pods_Falcon.framework in Frameworks */,
			);
			runOnlyForDeploymentPostprocessing = 0;
		};
		CE2775FB1C67D3F6002F81F2 /* Frameworks */ = {
			isa = PBXFrameworksBuildPhase;
			buildActionMask = 2147483647;
			files = (
			);
			runOnlyForDeploymentPostprocessing = 0;
		};
		CE2776061C67D3F6002F81F2 /* Frameworks */ = {
			isa = PBXFrameworksBuildPhase;
			buildActionMask = 2147483647;
			files = (
			);
			runOnlyForDeploymentPostprocessing = 0;
		};
/* End PBXFrameworksBuildPhase section */

/* Begin PBXGroup section */
		5B41BCDACC85CCBAEAD153E6 /* Frameworks */ = {
			isa = PBXGroup;
			children = (
				CE529C091C6FCE9B00A97F18 /* libFirebase.a */,
				CE529C071C6FCE9800A97F18 /* libPods.a */,
				CE529C051C6FCE0B00A97F18 /* libFirebase.a */,
				CE529C031C6FCE0700A97F18 /* libPods.a */,
				CE529C011C6FCDD000A97F18 /* Firebase.framework */,
				CE529BFF1C6FCDB500A97F18 /* libFirebaseStatic.a */,
				CE529BFD1C6FCCED00A97F18 /* libFirebase.a */,
				054683E0AA2FA33BD5F932D2 /* Pods_Falcon.framework */,
			);
			name = Frameworks;
			sourceTree = "<group>";
		};
		8DF26AFA84B8E4F0ABF68E3F /* Pods */ = {
			isa = PBXGroup;
			children = (
				356E778BF74F7AFABC9CEFAD /* Pods-Falcon.debug.xcconfig */,
				FE533763D9FE914DCBF5FC91 /* Pods-Falcon.release.xcconfig */,
			);
			name = Pods;
			sourceTree = "<group>";
		};
		CE2775E11C67D3F6002F81F2 = {
			isa = PBXGroup;
			children = (
				CE2775EC1C67D3F6002F81F2 /* Falcon */,
				CE2776011C67D3F6002F81F2 /* FalconTests */,
				CE27760C1C67D3F6002F81F2 /* FalconUITests */,
				CE2775EB1C67D3F6002F81F2 /* Products */,
				5B41BCDACC85CCBAEAD153E6 /* Frameworks */,
				8DF26AFA84B8E4F0ABF68E3F /* Pods */,
			);
			sourceTree = "<group>";
		};
		CE2775EB1C67D3F6002F81F2 /* Products */ = {
			isa = PBXGroup;
			children = (
				CE2775EA1C67D3F6002F81F2 /* Falcon.app */,
				CE2775FE1C67D3F6002F81F2 /* FalconTests.xctest */,
				CE2776091C67D3F6002F81F2 /* FalconUITests.xctest */,
			);
			name = Products;
			sourceTree = "<group>";
		};
		CE2775EC1C67D3F6002F81F2 /* Falcon */ = {
			isa = PBXGroup;
			children = (
				CE84244F1C77F585006B8379 /* Views */,
				CE529BFC1C6FC70A00A97F18 /* Models */,
				CE529BFB1C6FC70300A97F18 /* Utils */,
				CE27761B1C67EA78002F81F2 /* Controllers */,
				CE2775ED1C67D3F6002F81F2 /* AppDelegate.swift */,
				CE2775F11C67D3F6002F81F2 /* Main.storyboard */,
				CE2775F41C67D3F6002F81F2 /* Assets.xcassets */,
				CE2775F61C67D3F6002F81F2 /* LaunchScreen.storyboard */,
				CE2775F91C67D3F6002F81F2 /* Info.plist */,
			);
			path = Falcon;
			sourceTree = "<group>";
		};
		CE2776011C67D3F6002F81F2 /* FalconTests */ = {
			isa = PBXGroup;
			children = (
				CE2776021C67D3F6002F81F2 /* FalconTests.swift */,
				CE2776041C67D3F6002F81F2 /* Info.plist */,
			);
			path = FalconTests;
			sourceTree = "<group>";
		};
		CE27760C1C67D3F6002F81F2 /* FalconUITests */ = {
			isa = PBXGroup;
			children = (
				CE27760D1C67D3F6002F81F2 /* FalconUITests.swift */,
				CE27760F1C67D3F6002F81F2 /* Info.plist */,
			);
			path = FalconUITests;
			sourceTree = "<group>";
		};
		CE27761B1C67EA78002F81F2 /* Controllers */ = {
			isa = PBXGroup;
			children = (
				CEDAB0171C7087D300CC332C /* LoginViewController.swift */,
				CEDAB0191C70BF4100CC332C /* HomeViewController.swift */,
				CEDAB01D1C70ECCA00CC332C /* RegisterViewCrontroller.swift */,
				CEDAB01F1C7124F900CC332C /* MapViewController.swift */,
				CE8424521C78CE63006B8379 /* PlaceViewController.swift */,
				CE8424531C78CE63006B8379 /* PlaceViewController.xib */,
			);
			name = Controllers;
			sourceTree = "<group>";
		};
		CE529BFB1C6FC70300A97F18 /* Utils */ = {
			isa = PBXGroup;
			children = (
				CEDAB0211C72730900CC332C /* FacebookManager.swift */,
				CEDAB0231C739FB300CC332C /* FirebaseManager.swift */,
				CEDAB0251C7627F200CC332C /* PersmissionManager.swift */,
				CEDAB0271C76781700CC332C /* PlacesManager.swift */,
				CEDAB02B1C7743F700CC332C /* PlaceMarker.swift */,
				CE8424561C7905BC006B8379 /* DataManager.swift */,
			);
			name = Utils;
			sourceTree = "<group>";
		};
		CE529BFC1C6FC70A00A97F18 /* Models */ = {
			isa = PBXGroup;
			children = (
				CEDAB0291C7679A700CC332C /* Place.swift */,
			);
			name = Models;
			sourceTree = "<group>";
		};
		CE84244F1C77F585006B8379 /* Views */ = {
			isa = PBXGroup;
			children = (
				CE8424501C77F5CF006B8379 /* GravatarView.swift */,
			);
			name = Views;
			sourceTree = "<group>";
		};
/* End PBXGroup section */

/* Begin PBXNativeTarget section */
		CE2775E91C67D3F6002F81F2 /* Falcon */ = {
			isa = PBXNativeTarget;
			buildConfigurationList = CE2776121C67D3F6002F81F2 /* Build configuration list for PBXNativeTarget "Falcon" */;
			buildPhases = (
				7391A53F95BD673BFB0D624D /* Check Pods Manifest.lock */,
				CE2775E61C67D3F6002F81F2 /* Sources */,
				CE2775E71C67D3F6002F81F2 /* Frameworks */,
				CE2775E81C67D3F6002F81F2 /* Resources */,
				62030A7F83A2889E4E20F2C8 /* Embed Pods Frameworks */,
				A7E3C050281C33BB6FC6BEA8 /* Copy Pods Resources */,
			);
			buildRules = (
			);
			dependencies = (
			);
			name = Falcon;
			productName = Falcon;
			productReference = CE2775EA1C67D3F6002F81F2 /* Falcon.app */;
			productType = "com.apple.product-type.application";
		};
		CE2775FD1C67D3F6002F81F2 /* FalconTests */ = {
			isa = PBXNativeTarget;
			buildConfigurationList = CE2776151C67D3F6002F81F2 /* Build configuration list for PBXNativeTarget "FalconTests" */;
			buildPhases = (
				CE2775FA1C67D3F6002F81F2 /* Sources */,
				CE2775FB1C67D3F6002F81F2 /* Frameworks */,
				CE2775FC1C67D3F6002F81F2 /* Resources */,
			);
			buildRules = (
			);
			dependencies = (
				CE2776001C67D3F6002F81F2 /* PBXTargetDependency */,
			);
			name = FalconTests;
			productName = FalconTests;
			productReference = CE2775FE1C67D3F6002F81F2 /* FalconTests.xctest */;
			productType = "com.apple.product-type.bundle.unit-test";
		};
		CE2776081C67D3F6002F81F2 /* FalconUITests */ = {
			isa = PBXNativeTarget;
			buildConfigurationList = CE2776181C67D3F6002F81F2 /* Build configuration list for PBXNativeTarget "FalconUITests" */;
			buildPhases = (
				CE2776051C67D3F6002F81F2 /* Sources */,
				CE2776061C67D3F6002F81F2 /* Frameworks */,
				CE2776071C67D3F6002F81F2 /* Resources */,
			);
			buildRules = (
			);
			dependencies = (
				CE27760B1C67D3F6002F81F2 /* PBXTargetDependency */,
			);
			name = FalconUITests;
			productName = FalconUITests;
			productReference = CE2776091C67D3F6002F81F2 /* FalconUITests.xctest */;
			productType = "com.apple.product-type.bundle.ui-testing";
		};
/* End PBXNativeTarget section */

/* Begin PBXProject section */
		CE2775E21C67D3F6002F81F2 /* Project object */ = {
			isa = PBXProject;
			attributes = {
				LastSwiftUpdateCheck = 0720;
				LastUpgradeCheck = 0720;
				ORGANIZATIONNAME = Falcon;
				TargetAttributes = {
					CE2775E91C67D3F6002F81F2 = {
						CreatedOnToolsVersion = 7.2.1;
						DevelopmentTeam = MFCJJJ3EM4;
					};
					CE2775FD1C67D3F6002F81F2 = {
						CreatedOnToolsVersion = 7.2.1;
						TestTargetID = CE2775E91C67D3F6002F81F2;
					};
					CE2776081C67D3F6002F81F2 = {
						CreatedOnToolsVersion = 7.2.1;
						TestTargetID = CE2775E91C67D3F6002F81F2;
					};
				};
			};
			buildConfigurationList = CE2775E51C67D3F6002F81F2 /* Build configuration list for PBXProject "Falcon" */;
			compatibilityVersion = "Xcode 3.2";
			developmentRegion = English;
			hasScannedForEncodings = 0;
			knownRegions = (
				en,
				Base,
			);
			mainGroup = CE2775E11C67D3F6002F81F2;
			productRefGroup = CE2775EB1C67D3F6002F81F2 /* Products */;
			projectDirPath = "";
			projectRoot = "";
			targets = (
				CE2775E91C67D3F6002F81F2 /* Falcon */,
				CE2775FD1C67D3F6002F81F2 /* FalconTests */,
				CE2776081C67D3F6002F81F2 /* FalconUITests */,
			);
		};
/* End PBXProject section */

/* Begin PBXResourcesBuildPhase section */
		CE2775E81C67D3F6002F81F2 /* Resources */ = {
			isa = PBXResourcesBuildPhase;
			buildActionMask = 2147483647;
			files = (
				CE8424551C78CE63006B8379 /* PlaceViewController.xib in Resources */,
				CE2775F81C67D3F6002F81F2 /* LaunchScreen.storyboard in Resources */,
				CE2775F51C67D3F6002F81F2 /* Assets.xcassets in Resources */,
				CE2775F31C67D3F6002F81F2 /* Main.storyboard in Resources */,
			);
			runOnlyForDeploymentPostprocessing = 0;
		};
		CE2775FC1C67D3F6002F81F2 /* Resources */ = {
			isa = PBXResourcesBuildPhase;
			buildActionMask = 2147483647;
			files = (
			);
			runOnlyForDeploymentPostprocessing = 0;
		};
		CE2776071C67D3F6002F81F2 /* Resources */ = {
			isa = PBXResourcesBuildPhase;
			buildActionMask = 2147483647;
			files = (
			);
			runOnlyForDeploymentPostprocessing = 0;
		};
/* End PBXResourcesBuildPhase section */

/* Begin PBXShellScriptBuildPhase section */
		62030A7F83A2889E4E20F2C8 /* Embed Pods Frameworks */ = {
			isa = PBXShellScriptBuildPhase;
			buildActionMask = 2147483647;
			files = (
			);
			inputPaths = (
			);
			name = "Embed Pods Frameworks";
			outputPaths = (
			);
			runOnlyForDeploymentPostprocessing = 0;
			shellPath = /bin/sh;
			shellScript = "\"${SRCROOT}/Pods/Target Support Files/Pods-Falcon/Pods-Falcon-frameworks.sh\"\n";
			showEnvVarsInLog = 0;
		};
		7391A53F95BD673BFB0D624D /* Check Pods Manifest.lock */ = {
			isa = PBXShellScriptBuildPhase;
			buildActionMask = 2147483647;
			files = (
			);
			inputPaths = (
			);
			name = "Check Pods Manifest.lock";
			outputPaths = (
			);
			runOnlyForDeploymentPostprocessing = 0;
			shellPath = /bin/sh;
			shellScript = "diff \"${PODS_ROOT}/../Podfile.lock\" \"${PODS_ROOT}/Manifest.lock\" > /dev/null\nif [[ $? != 0 ]] ; then\n    cat << EOM\nerror: The sandbox is not in sync with the Podfile.lock. Run 'pod install' or update your CocoaPods installation.\nEOM\n    exit 1\nfi\n";
			showEnvVarsInLog = 0;
		};
		A7E3C050281C33BB6FC6BEA8 /* Copy Pods Resources */ = {
			isa = PBXShellScriptBuildPhase;
			buildActionMask = 2147483647;
			files = (
			);
			inputPaths = (
			);
			name = "Copy Pods Resources";
			outputPaths = (
			);
			runOnlyForDeploymentPostprocessing = 0;
			shellPath = /bin/sh;
			shellScript = "\"${SRCROOT}/Pods/Target Support Files/Pods-Falcon/Pods-Falcon-resources.sh\"\n";
			showEnvVarsInLog = 0;
		};
/* End PBXShellScriptBuildPhase section */

/* Begin PBXSourcesBuildPhase section */
		CE2775E61C67D3F6002F81F2 /* Sources */ = {
			isa = PBXSourcesBuildPhase;
			buildActionMask = 2147483647;
			files = (
				CEDAB0181C7087D300CC332C /* LoginViewController.swift in Sources */,
				CE2775EE1C67D3F6002F81F2 /* AppDelegate.swift in Sources */,
				CEDAB02C1C7743F700CC332C /* PlaceMarker.swift in Sources */,
				CE8424571C7905BC006B8379 /* DataManager.swift in Sources */,
				CEDAB0261C7627F200CC332C /* PersmissionManager.swift in Sources */,
				CE8424511C77F5CF006B8379 /* GravatarView.swift in Sources */,
				CEDAB0241C739FB300CC332C /* FirebaseManager.swift in Sources */,
				CEDAB01E1C70ECCA00CC332C /* RegisterViewCrontroller.swift in Sources */,
				CEDAB0281C76781700CC332C /* PlacesManager.swift in Sources */,
				CE8424541C78CE63006B8379 /* PlaceViewController.swift in Sources */,
				CEDAB0221C72730900CC332C /* FacebookManager.swift in Sources */,
				CEDAB0201C7124F900CC332C /* MapViewController.swift in Sources */,
				CEDAB01A1C70BF4100CC332C /* HomeViewController.swift in Sources */,
				CEDAB02A1C7679A700CC332C /* Place.swift in Sources */,
			);
			runOnlyForDeploymentPostprocessing = 0;
		};
		CE2775FA1C67D3F6002F81F2 /* Sources */ = {
			isa = PBXSourcesBuildPhase;
			buildActionMask = 2147483647;
			files = (
				CE2776031C67D3F6002F81F2 /* FalconTests.swift in Sources */,
			);
			runOnlyForDeploymentPostprocessing = 0;
		};
		CE2776051C67D3F6002F81F2 /* Sources */ = {
			isa = PBXSourcesBuildPhase;
			buildActionMask = 2147483647;
			files = (
				CE27760E1C67D3F6002F81F2 /* FalconUITests.swift in Sources */,
			);
			runOnlyForDeploymentPostprocessing = 0;
		};
/* End PBXSourcesBuildPhase section */

/* Begin PBXTargetDependency section */
		CE2776001C67D3F6002F81F2 /* PBXTargetDependency */ = {
			isa = PBXTargetDependency;
			target = CE2775E91C67D3F6002F81F2 /* Falcon */;
			targetProxy = CE2775FF1C67D3F6002F81F2 /* PBXContainerItemProxy */;
		};
		CE27760B1C67D3F6002F81F2 /* PBXTargetDependency */ = {
			isa = PBXTargetDependency;
			target = CE2775E91C67D3F6002F81F2 /* Falcon */;
			targetProxy = CE27760A1C67D3F6002F81F2 /* PBXContainerItemProxy */;
		};
/* End PBXTargetDependency section */

/* Begin PBXVariantGroup section */
		CE2775F11C67D3F6002F81F2 /* Main.storyboard */ = {
			isa = PBXVariantGroup;
			children = (
				CE2775F21C67D3F6002F81F2 /* Base */,
			);
			name = Main.storyboard;
			sourceTree = "<group>";
		};
		CE2775F61C67D3F6002F81F2 /* LaunchScreen.storyboard */ = {
			isa = PBXVariantGroup;
			children = (
				CE2775F71C67D3F6002F81F2 /* Base */,
			);
			name = LaunchScreen.storyboard;
			sourceTree = "<group>";
		};
/* End PBXVariantGroup section */

/* Begin XCBuildConfiguration section */
		CE2776101C67D3F6002F81F2 /* Debug */ = {
			isa = XCBuildConfiguration;
			buildSettings = {
				ALWAYS_SEARCH_USER_PATHS = NO;
				CLANG_CXX_LANGUAGE_STANDARD = "gnu++0x";
				CLANG_CXX_LIBRARY = "libc++";
				CLANG_ENABLE_MODULES = YES;
				CLANG_ENABLE_OBJC_ARC = YES;
				CLANG_WARN_BOOL_CONVERSION = YES;
				CLANG_WARN_CONSTANT_CONVERSION = YES;
				CLANG_WARN_DIRECT_OBJC_ISA_USAGE = YES_ERROR;
				CLANG_WARN_EMPTY_BODY = YES;
				CLANG_WARN_ENUM_CONVERSION = YES;
				CLANG_WARN_INT_CONVERSION = YES;
				CLANG_WARN_OBJC_ROOT_CLASS = YES_ERROR;
				CLANG_WARN_UNREACHABLE_CODE = YES;
				CLANG_WARN__DUPLICATE_METHOD_MATCH = YES;
				"CODE_SIGN_IDENTITY[sdk=iphoneos*]" = "iPhone Developer";
				COPY_PHASE_STRIP = NO;
				DEBUG_INFORMATION_FORMAT = dwarf;
				ENABLE_STRICT_OBJC_MSGSEND = YES;
				ENABLE_TESTABILITY = YES;
				GCC_C_LANGUAGE_STANDARD = gnu99;
				GCC_DYNAMIC_NO_PIC = NO;
				GCC_NO_COMMON_BLOCKS = YES;
				GCC_OPTIMIZATION_LEVEL = 0;
				GCC_PREPROCESSOR_DEFINITIONS = (
					"DEBUG=1",
					"$(inherited)",
				);
				GCC_WARN_64_TO_32_BIT_CONVERSION = YES;
				GCC_WARN_ABOUT_RETURN_TYPE = YES_ERROR;
				GCC_WARN_UNDECLARED_SELECTOR = YES;
				GCC_WARN_UNINITIALIZED_AUTOS = YES_AGGRESSIVE;
				GCC_WARN_UNUSED_FUNCTION = YES;
				GCC_WARN_UNUSED_VARIABLE = YES;
				IPHONEOS_DEPLOYMENT_TARGET = 9.2;
				MTL_ENABLE_DEBUG_INFO = YES;
				ONLY_ACTIVE_ARCH = YES;
				SDKROOT = iphoneos;
				SWIFT_OPTIMIZATION_LEVEL = "-Onone";
			};
			name = Debug;
		};
		CE2776111C67D3F6002F81F2 /* Release */ = {
			isa = XCBuildConfiguration;
			buildSettings = {
				ALWAYS_SEARCH_USER_PATHS = NO;
				CLANG_CXX_LANGUAGE_STANDARD = "gnu++0x";
				CLANG_CXX_LIBRARY = "libc++";
				CLANG_ENABLE_MODULES = YES;
				CLANG_ENABLE_OBJC_ARC = YES;
				CLANG_WARN_BOOL_CONVERSION = YES;
				CLANG_WARN_CONSTANT_CONVERSION = YES;
				CLANG_WARN_DIRECT_OBJC_ISA_USAGE = YES_ERROR;
				CLANG_WARN_EMPTY_BODY = YES;
				CLANG_WARN_ENUM_CONVERSION = YES;
				CLANG_WARN_INT_CONVERSION = YES;
				CLANG_WARN_OBJC_ROOT_CLASS = YES_ERROR;
				CLANG_WARN_UNREACHABLE_CODE = YES;
				CLANG_WARN__DUPLICATE_METHOD_MATCH = YES;
				"CODE_SIGN_IDENTITY[sdk=iphoneos*]" = "iPhone Developer";
				COPY_PHASE_STRIP = NO;
				DEBUG_INFORMATION_FORMAT = "dwarf-with-dsym";
				ENABLE_NS_ASSERTIONS = NO;
				ENABLE_STRICT_OBJC_MSGSEND = YES;
				GCC_C_LANGUAGE_STANDARD = gnu99;
				GCC_NO_COMMON_BLOCKS = YES;
				GCC_WARN_64_TO_32_BIT_CONVERSION = YES;
				GCC_WARN_ABOUT_RETURN_TYPE = YES_ERROR;
				GCC_WARN_UNDECLARED_SELECTOR = YES;
				GCC_WARN_UNINITIALIZED_AUTOS = YES_AGGRESSIVE;
				GCC_WARN_UNUSED_FUNCTION = YES;
				GCC_WARN_UNUSED_VARIABLE = YES;
				IPHONEOS_DEPLOYMENT_TARGET = 9.2;
				MTL_ENABLE_DEBUG_INFO = NO;
				SDKROOT = iphoneos;
				VALIDATE_PRODUCT = YES;
			};
			name = Release;
		};
		CE2776131C67D3F6002F81F2 /* Debug */ = {
			isa = XCBuildConfiguration;
			baseConfigurationReference = 356E778BF74F7AFABC9CEFAD /* Pods-Falcon.debug.xcconfig */;
			buildSettings = {
				ASSETCATALOG_COMPILER_APPICON_NAME = AppIcon;
				CODE_SIGN_IDENTITY = "iPhone Developer";
				"CODE_SIGN_IDENTITY[sdk=iphoneos*]" = "iPhone Developer";
				FRAMEWORK_SEARCH_PATHS = (
					"$(inherited)",
					"$(PROJECT_DIR)/Pods/Firebase",
				);
				INFOPLIST_FILE = Falcon/Info.plist;
				LD_RUNPATH_SEARCH_PATHS = "$(inherited) @executable_path/Frameworks";
				LIBRARY_SEARCH_PATHS = (
					"$(inherited)",
					"$(PROJECT_DIR)/build/Debug-iphoneos",
					"$(PROJECT_DIR)/Pods/Firebase",
				);
				PRODUCT_BUNDLE_IDENTIFIER = com.falcon.ios.Falcon;
				PRODUCT_NAME = "$(TARGET_NAME)";
				PROVISIONING_PROFILE = "";
			};
			name = Debug;
		};
		CE2776141C67D3F6002F81F2 /* Release */ = {
			isa = XCBuildConfiguration;
			baseConfigurationReference = FE533763D9FE914DCBF5FC91 /* Pods-Falcon.release.xcconfig */;
			buildSettings = {
				ASSETCATALOG_COMPILER_APPICON_NAME = AppIcon;
				CODE_SIGN_IDENTITY = "iPhone Developer";
				"CODE_SIGN_IDENTITY[sdk=iphoneos*]" = "iPhone Developer";
				FRAMEWORK_SEARCH_PATHS = (
					"$(inherited)",
					"$(PROJECT_DIR)/Pods/Firebase",
				);
				INFOPLIST_FILE = Falcon/Info.plist;
				LD_RUNPATH_SEARCH_PATHS = "$(inherited) @executable_path/Frameworks";
				LIBRARY_SEARCH_PATHS = (
					"$(inherited)",
					"$(PROJECT_DIR)/build/Debug-iphoneos",
					"$(PROJECT_DIR)/Pods/Firebase",
				);
				PRODUCT_BUNDLE_IDENTIFIER = com.falcon.ios.Falcon;
				PRODUCT_NAME = "$(TARGET_NAME)";
				PROVISIONING_PROFILE = "";
			};
			name = Release;
		};
		CE2776161C67D3F6002F81F2 /* Debug */ = {
			isa = XCBuildConfiguration;
			buildSettings = {
				BUNDLE_LOADER = "$(TEST_HOST)";
				INFOPLIST_FILE = FalconTests/Info.plist;
				LD_RUNPATH_SEARCH_PATHS = "$(inherited) @executable_path/Frameworks @loader_path/Frameworks";
				PRODUCT_BUNDLE_IDENTIFIER = com.falcon.ios.FalconTests;
				PRODUCT_NAME = "$(TARGET_NAME)";
				TEST_HOST = "$(BUILT_PRODUCTS_DIR)/Falcon.app/Falcon";
			};
			name = Debug;
		};
		CE2776171C67D3F6002F81F2 /* Release */ = {
			isa = XCBuildConfiguration;
			buildSettings = {
				BUNDLE_LOADER = "$(TEST_HOST)";
				INFOPLIST_FILE = FalconTests/Info.plist;
				LD_RUNPATH_SEARCH_PATHS = "$(inherited) @executable_path/Frameworks @loader_path/Frameworks";
				PRODUCT_BUNDLE_IDENTIFIER = com.falcon.ios.FalconTests;
				PRODUCT_NAME = "$(TARGET_NAME)";
				TEST_HOST = "$(BUILT_PRODUCTS_DIR)/Falcon.app/Falcon";
			};
			name = Release;
		};
		CE2776191C67D3F6002F81F2 /* Debug */ = {
			isa = XCBuildConfiguration;
			buildSettings = {
				INFOPLIST_FILE = FalconUITests/Info.plist;
				LD_RUNPATH_SEARCH_PATHS = "$(inherited) @executable_path/Frameworks @loader_path/Frameworks";
				PRODUCT_BUNDLE_IDENTIFIER = com.falcon.ios.FalconUITests;
				PRODUCT_NAME = "$(TARGET_NAME)";
				TEST_TARGET_NAME = Falcon;
				USES_XCTRUNNER = YES;
			};
			name = Debug;
		};
		CE27761A1C67D3F6002F81F2 /* Release */ = {
			isa = XCBuildConfiguration;
			buildSettings = {
				INFOPLIST_FILE = FalconUITests/Info.plist;
				LD_RUNPATH_SEARCH_PATHS = "$(inherited) @executable_path/Frameworks @loader_path/Frameworks";
				PRODUCT_BUNDLE_IDENTIFIER = com.falcon.ios.FalconUITests;
				PRODUCT_NAME = "$(TARGET_NAME)";
				TEST_TARGET_NAME = Falcon;
				USES_XCTRUNNER = YES;
			};
			name = Release;
		};
/* End XCBuildConfiguration section */

/* Begin XCConfigurationList section */
		CE2775E51C67D3F6002F81F2 /* Build configuration list for PBXProject "Falcon" */ = {
			isa = XCConfigurationList;
			buildConfigurations = (
				CE2776101C67D3F6002F81F2 /* Debug */,
				CE2776111C67D3F6002F81F2 /* Release */,
			);
			defaultConfigurationIsVisible = 0;
			defaultConfigurationName = Release;
		};
		CE2776121C67D3F6002F81F2 /* Build configuration list for PBXNativeTarget "Falcon" */ = {
			isa = XCConfigurationList;
			buildConfigurations = (
				CE2776131C67D3F6002F81F2 /* Debug */,
				CE2776141C67D3F6002F81F2 /* Release */,
			);
			defaultConfigurationIsVisible = 0;
			defaultConfigurationName = Release;
		};
		CE2776151C67D3F6002F81F2 /* Build configuration list for PBXNativeTarget "FalconTests" */ = {
			isa = XCConfigurationList;
			buildConfigurations = (
				CE2776161C67D3F6002F81F2 /* Debug */,
				CE2776171C67D3F6002F81F2 /* Release */,
			);
			defaultConfigurationIsVisible = 0;
			defaultConfigurationName = Release;
		};
		CE2776181C67D3F6002F81F2 /* Build configuration list for PBXNativeTarget "FalconUITests" */ = {
			isa = XCConfigurationList;
			buildConfigurations = (
				CE2776191C67D3F6002F81F2 /* Debug */,
				CE27761A1C67D3F6002F81F2 /* Release */,
			);
			defaultConfigurationIsVisible = 0;
			defaultConfigurationName = Release;
		};
/* End XCConfigurationList section */
	};
	rootObject = CE2775E21C67D3F6002F81F2 /* Project object */;
}
